// !$*UTF8*$!
{
	archiveVersion = 1;
	classes = {
	};
	objectVersion = 56;
	objects = {

/* Begin PBXBuildFile section */
		AA325E3E2A8A82A700BDF1BC /* PageView.swift in Sources */ = {isa = PBXBuildFile; fileRef = AA325E3D2A8A82A700BDF1BC /* PageView.swift */; };
		AA325E402A8A955200BDF1BC /* PostGrid.swift in Sources */ = {isa = PBXBuildFile; fileRef = AA325E3F2A8A955200BDF1BC /* PostGrid.swift */; };
		AA325E442A8AAC3000BDF1BC /* FirebaseFirestore in Frameworks */ = {isa = PBXBuildFile; productRef = AA325E432A8AAC3000BDF1BC /* FirebaseFirestore */; };
		AA325E462A8AAC4500BDF1BC /* FirebaseStorage in Frameworks */ = {isa = PBXBuildFile; productRef = AA325E452A8AAC4500BDF1BC /* FirebaseStorage */; };
		AA325E4B2A8ADDB200BDF1BC /* NewPostView.swift in Sources */ = {isa = PBXBuildFile; fileRef = AA325E4A2A8ADDB200BDF1BC /* NewPostView.swift */; };
		AA325E522A8BE28D00BDF1BC /* PhotoLibraryService.swift in Sources */ = {isa = PBXBuildFile; fileRef = AA325E512A8BE28D00BDF1BC /* PhotoLibraryService.swift */; };
		AA325E542A8BECD200BDF1BC /* PhotoThumbnailView.swift in Sources */ = {isa = PBXBuildFile; fileRef = AA325E532A8BECD200BDF1BC /* PhotoThumbnailView.swift */; };
		AA325E562A8C22F700BDF1BC /* NewPostDetail.swift in Sources */ = {isa = PBXBuildFile; fileRef = AA325E552A8C22F700BDF1BC /* NewPostDetail.swift */; };
		AA3DE7FE2A8D5F2E00B070B5 /* InputField.swift in Sources */ = {isa = PBXBuildFile; fileRef = AA3DE7FD2A8D5F2E00B070B5 /* InputField.swift */; };
		AA3DE8012A8D619400B070B5 /* User.swift in Sources */ = {isa = PBXBuildFile; fileRef = AA3DE8002A8D619400B070B5 /* User.swift */; };
		AA3DE8032A8D75DC00B070B5 /* AuthService.swift in Sources */ = {isa = PBXBuildFile; fileRef = AA3DE8022A8D75DC00B070B5 /* AuthService.swift */; };
		AA3DE8052A8D7ACB00B070B5 /* FirebaseFirestoreSwift in Frameworks */ = {isa = PBXBuildFile; productRef = AA3DE8042A8D7ACB00B070B5 /* FirebaseFirestoreSwift */; };
		AA3DE80A2A8D9F8100B070B5 /* PostService.swift in Sources */ = {isa = PBXBuildFile; fileRef = AA3DE8092A8D9F8100B070B5 /* PostService.swift */; };
		AA3DE80C2A8DA9C800B070B5 /* Post.swift in Sources */ = {isa = PBXBuildFile; fileRef = AA3DE80B2A8DA9C800B070B5 /* Post.swift */; };
		AA7F96702A891BDD000DD8C2 /* HomeView.swift in Sources */ = {isa = PBXBuildFile; fileRef = AA7F966F2A891BDD000DD8C2 /* HomeView.swift */; };
		AA7F96762A8926A6000DD8C2 /* PostView.swift in Sources */ = {isa = PBXBuildFile; fileRef = AA7F96752A8926A6000DD8C2 /* PostView.swift */; };
		AA7F96782A892AA4000DD8C2 /* MessageView.swift in Sources */ = {isa = PBXBuildFile; fileRef = AA7F96772A892AA4000DD8C2 /* MessageView.swift */; };
		AA7F967A2A8933E4000DD8C2 /* CommentsView.swift in Sources */ = {isa = PBXBuildFile; fileRef = AA7F96792A8933E4000DD8C2 /* CommentsView.swift */; };
		AA7F96802A898028000DD8C2 /* ProfileView.swift in Sources */ = {isa = PBXBuildFile; fileRef = AA7F967F2A898028000DD8C2 /* ProfileView.swift */; };
		AA7F96832A898097000DD8C2 /* ProfilePicture.swift in Sources */ = {isa = PBXBuildFile; fileRef = AA7F96822A898097000DD8C2 /* ProfilePicture.swift */; };
		AA7F96852A89B64B000DD8C2 /* CashedAsyncImage.swift in Sources */ = {isa = PBXBuildFile; fileRef = AA7F96842A89B64B000DD8C2 /* CashedAsyncImage.swift */; };
		AA7F96882A89C883000DD8C2 /* PostVM.swift in Sources */ = {isa = PBXBuildFile; fileRef = AA7F96872A89C883000DD8C2 /* PostVM.swift */; };
		AA7F968B2A89CA6C000DD8C2 /* SingleCommentView.swift in Sources */ = {isa = PBXBuildFile; fileRef = AA7F968A2A89CA6C000DD8C2 /* SingleCommentView.swift */; };
		AA7F968D2A89CB54000DD8C2 /* FormatedImage.swift in Sources */ = {isa = PBXBuildFile; fileRef = AA7F968C2A89CB54000DD8C2 /* FormatedImage.swift */; };
		AA7F96902A89CF14000DD8C2 /* Chat.swift in Sources */ = {isa = PBXBuildFile; fileRef = AA7F968F2A89CF14000DD8C2 /* Chat.swift */; };
		AA7F96922A89D165000DD8C2 /* ChatRoom.swift in Sources */ = {isa = PBXBuildFile; fileRef = AA7F96912A89D165000DD8C2 /* ChatRoom.swift */; };
		AA91E8B62A86AAE300C901EE /* InstagramCloneApp.swift in Sources */ = {isa = PBXBuildFile; fileRef = AA91E8B52A86AAE300C901EE /* InstagramCloneApp.swift */; };
		AA91E8B82A86AAE300C901EE /* ContentView.swift in Sources */ = {isa = PBXBuildFile; fileRef = AA91E8B72A86AAE300C901EE /* ContentView.swift */; };
		AA91E8BA2A86AAE500C901EE /* Assets.xcassets in Resources */ = {isa = PBXBuildFile; fileRef = AA91E8B92A86AAE500C901EE /* Assets.xcassets */; };
		AA91E8BD2A86AAE500C901EE /* Preview Assets.xcassets in Resources */ = {isa = PBXBuildFile; fileRef = AA91E8BC2A86AAE500C901EE /* Preview Assets.xcassets */; };
		AA91E8C42A86E15800C901EE /* GoogleService-Info.plist in Resources */ = {isa = PBXBuildFile; fileRef = AA91E8C32A86E15800C901EE /* GoogleService-Info.plist */; };
		AA91E8C72A86E38D00C901EE /* FirebaseAnalytics in Frameworks */ = {isa = PBXBuildFile; productRef = AA91E8C62A86E38D00C901EE /* FirebaseAnalytics */; };
		AA91E8C92A86E7E400C901EE /* LoginView.swift in Sources */ = {isa = PBXBuildFile; fileRef = AA91E8C82A86E7E400C901EE /* LoginView.swift */; };
		AA91E8CE2A86EC0100C901EE /* FirebaseAuth in Frameworks */ = {isa = PBXBuildFile; productRef = AA91E8CD2A86EC0100C901EE /* FirebaseAuth */; };
		AAC11FCE2A87BD1D001669B4 /* SignUpView.swift in Sources */ = {isa = PBXBuildFile; fileRef = AAC11FCD2A87BD1D001669B4 /* SignUpView.swift */; };
/* End PBXBuildFile section */

/* Begin PBXFileReference section */
		AA325E3D2A8A82A700BDF1BC /* PageView.swift */ = {isa = PBXFileReference; lastKnownFileType = sourcecode.swift; path = PageView.swift; sourceTree = "<group>"; };
		AA325E3F2A8A955200BDF1BC /* PostGrid.swift */ = {isa = PBXFileReference; lastKnownFileType = sourcecode.swift; path = PostGrid.swift; sourceTree = "<group>"; };
		AA325E4A2A8ADDB200BDF1BC /* NewPostView.swift */ = {isa = PBXFileReference; lastKnownFileType = sourcecode.swift; path = NewPostView.swift; sourceTree = "<group>"; };
		AA325E512A8BE28D00BDF1BC /* PhotoLibraryService.swift */ = {isa = PBXFileReference; lastKnownFileType = sourcecode.swift; path = PhotoLibraryService.swift; sourceTree = "<group>"; };
		AA325E532A8BECD200BDF1BC /* PhotoThumbnailView.swift */ = {isa = PBXFileReference; lastKnownFileType = sourcecode.swift; path = PhotoThumbnailView.swift; sourceTree = "<group>"; };
		AA325E552A8C22F700BDF1BC /* NewPostDetail.swift */ = {isa = PBXFileReference; lastKnownFileType = sourcecode.swift; path = NewPostDetail.swift; sourceTree = "<group>"; };
		AA3DE7FD2A8D5F2E00B070B5 /* InputField.swift */ = {isa = PBXFileReference; lastKnownFileType = sourcecode.swift; path = InputField.swift; sourceTree = "<group>"; };
		AA3DE8002A8D619400B070B5 /* User.swift */ = {isa = PBXFileReference; lastKnownFileType = sourcecode.swift; path = User.swift; sourceTree = "<group>"; };
		AA3DE8022A8D75DC00B070B5 /* AuthService.swift */ = {isa = PBXFileReference; lastKnownFileType = sourcecode.swift; path = AuthService.swift; sourceTree = "<group>"; };
		AA3DE8092A8D9F8100B070B5 /* PostService.swift */ = {isa = PBXFileReference; lastKnownFileType = sourcecode.swift; path = PostService.swift; sourceTree = "<group>"; };
		AA3DE80B2A8DA9C800B070B5 /* Post.swift */ = {isa = PBXFileReference; lastKnownFileType = sourcecode.swift; path = Post.swift; sourceTree = "<group>"; };
		AA7F966F2A891BDD000DD8C2 /* HomeView.swift */ = {isa = PBXFileReference; lastKnownFileType = sourcecode.swift; path = HomeView.swift; sourceTree = "<group>"; };
		AA7F96752A8926A6000DD8C2 /* PostView.swift */ = {isa = PBXFileReference; lastKnownFileType = sourcecode.swift; path = PostView.swift; sourceTree = "<group>"; };
		AA7F96772A892AA4000DD8C2 /* MessageView.swift */ = {isa = PBXFileReference; lastKnownFileType = sourcecode.swift; path = MessageView.swift; sourceTree = "<group>"; };
		AA7F96792A8933E4000DD8C2 /* CommentsView.swift */ = {isa = PBXFileReference; lastKnownFileType = sourcecode.swift; path = CommentsView.swift; sourceTree = "<group>"; };
		AA7F967F2A898028000DD8C2 /* ProfileView.swift */ = {isa = PBXFileReference; lastKnownFileType = sourcecode.swift; path = ProfileView.swift; sourceTree = "<group>"; };
		AA7F96822A898097000DD8C2 /* ProfilePicture.swift */ = {isa = PBXFileReference; lastKnownFileType = sourcecode.swift; path = ProfilePicture.swift; sourceTree = "<group>"; };
		AA7F96842A89B64B000DD8C2 /* CashedAsyncImage.swift */ = {isa = PBXFileReference; lastKnownFileType = sourcecode.swift; path = CashedAsyncImage.swift; sourceTree = "<group>"; };
		AA7F96872A89C883000DD8C2 /* PostVM.swift */ = {isa = PBXFileReference; lastKnownFileType = sourcecode.swift; path = PostVM.swift; sourceTree = "<group>"; };
		AA7F968A2A89CA6C000DD8C2 /* SingleCommentView.swift */ = {isa = PBXFileReference; lastKnownFileType = sourcecode.swift; path = SingleCommentView.swift; sourceTree = "<group>"; };
		AA7F968C2A89CB54000DD8C2 /* FormatedImage.swift */ = {isa = PBXFileReference; lastKnownFileType = sourcecode.swift; path = FormatedImage.swift; sourceTree = "<group>"; };
		AA7F968F2A89CF14000DD8C2 /* Chat.swift */ = {isa = PBXFileReference; lastKnownFileType = sourcecode.swift; path = Chat.swift; sourceTree = "<group>"; };
		AA7F96912A89D165000DD8C2 /* ChatRoom.swift */ = {isa = PBXFileReference; lastKnownFileType = sourcecode.swift; path = ChatRoom.swift; sourceTree = "<group>"; };
		AA91E8B22A86AAE300C901EE /* InstagramClone.app */ = {isa = PBXFileReference; explicitFileType = wrapper.application; includeInIndex = 0; path = InstagramClone.app; sourceTree = BUILT_PRODUCTS_DIR; };
		AA91E8B52A86AAE300C901EE /* InstagramCloneApp.swift */ = {isa = PBXFileReference; lastKnownFileType = sourcecode.swift; path = InstagramCloneApp.swift; sourceTree = "<group>"; };
		AA91E8B72A86AAE300C901EE /* ContentView.swift */ = {isa = PBXFileReference; lastKnownFileType = sourcecode.swift; path = ContentView.swift; sourceTree = "<group>"; };
		AA91E8B92A86AAE500C901EE /* Assets.xcassets */ = {isa = PBXFileReference; lastKnownFileType = folder.assetcatalog; path = Assets.xcassets; sourceTree = "<group>"; };
		AA91E8BC2A86AAE500C901EE /* Preview Assets.xcassets */ = {isa = PBXFileReference; lastKnownFileType = folder.assetcatalog; path = "Preview Assets.xcassets"; sourceTree = "<group>"; };
		AA91E8C32A86E15800C901EE /* GoogleService-Info.plist */ = {isa = PBXFileReference; fileEncoding = 4; lastKnownFileType = text.plist.xml; path = "GoogleService-Info.plist"; sourceTree = "<group>"; };
		AA91E8C82A86E7E400C901EE /* LoginView.swift */ = {isa = PBXFileReference; lastKnownFileType = sourcecode.swift; path = LoginView.swift; sourceTree = "<group>"; };
		AAC11FCD2A87BD1D001669B4 /* SignUpView.swift */ = {isa = PBXFileReference; lastKnownFileType = sourcecode.swift; path = SignUpView.swift; sourceTree = "<group>"; };
/* End PBXFileReference section */

/* Begin PBXFrameworksBuildPhase section */
		AA91E8AF2A86AAE300C901EE /* Frameworks */ = {
			isa = PBXFrameworksBuildPhase;
			buildActionMask = 2147483647;
			files = (
				AA3DE8052A8D7ACB00B070B5 /* FirebaseFirestoreSwift in Frameworks */,
				AA91E8C72A86E38D00C901EE /* FirebaseAnalytics in Frameworks */,
				AA325E462A8AAC4500BDF1BC /* FirebaseStorage in Frameworks */,
				AA91E8CE2A86EC0100C901EE /* FirebaseAuth in Frameworks */,
				AA325E442A8AAC3000BDF1BC /* FirebaseFirestore in Frameworks */,
			);
			runOnlyForDeploymentPostprocessing = 0;
		};
/* End PBXFrameworksBuildPhase section */

/* Begin PBXGroup section */
		AA325E472A8AC1FB00BDF1BC /* AccountManager */ = {
			isa = PBXGroup;
			children = (
				AAC11FCD2A87BD1D001669B4 /* SignUpView.swift */,
				AA91E8C82A86E7E400C901EE /* LoginView.swift */,
			);
			path = AccountManager;
			sourceTree = "<group>";
		};
		AA325E502A8BE28400BDF1BC /* Service */ = {
			isa = PBXGroup;
			children = (
				AA325E512A8BE28D00BDF1BC /* PhotoLibraryService.swift */,
				AA3DE8022A8D75DC00B070B5 /* AuthService.swift */,
				AA3DE8092A8D9F8100B070B5 /* PostService.swift */,
			);
			path = Service;
			sourceTree = "<group>";
		};
		AA3DE7FF2A8D618B00B070B5 /* Model */ = {
			isa = PBXGroup;
			children = (
				AA3DE8002A8D619400B070B5 /* User.swift */,
				AA3DE80B2A8DA9C800B070B5 /* Post.swift */,
			);
			path = Model;
			sourceTree = "<group>";
		};
		AA3DE8062A8D9C3000B070B5 /* Profile */ = {
			isa = PBXGroup;
			children = (
				AA7F967F2A898028000DD8C2 /* ProfileView.swift */,
			);
			path = Profile;
			sourceTree = "<group>";
		};
		AA7F96812A898067000DD8C2 /* Element */ = {
			isa = PBXGroup;
			children = (
				AA7F96822A898097000DD8C2 /* ProfilePicture.swift */,
				AA7F96842A89B64B000DD8C2 /* CashedAsyncImage.swift */,
				AA7F968C2A89CB54000DD8C2 /* FormatedImage.swift */,
				AA325E3D2A8A82A700BDF1BC /* PageView.swift */,
				AA325E532A8BECD200BDF1BC /* PhotoThumbnailView.swift */,
				AA3DE7FD2A8D5F2E00B070B5 /* InputField.swift */,
			);
			path = Element;
			sourceTree = "<group>";
		};
		AA7F96862A89C86C000DD8C2 /* Post */ = {
			isa = PBXGroup;
			children = (
				AA7F96752A8926A6000DD8C2 /* PostView.swift */,
				AA7F96872A89C883000DD8C2 /* PostVM.swift */,
				AA325E4A2A8ADDB200BDF1BC /* NewPostView.swift */,
				AA325E552A8C22F700BDF1BC /* NewPostDetail.swift */,
			);
			path = Post;
			sourceTree = "<group>";
		};
		AA7F96892A89CA4D000DD8C2 /* Comments */ = {
			isa = PBXGroup;
			children = (
				AA7F96792A8933E4000DD8C2 /* CommentsView.swift */,
				AA7F968A2A89CA6C000DD8C2 /* SingleCommentView.swift */,
			);
			path = Comments;
			sourceTree = "<group>";
		};
		AA7F968E2A89CEDE000DD8C2 /* Message */ = {
			isa = PBXGroup;
			children = (
				AA7F96772A892AA4000DD8C2 /* MessageView.swift */,
				AA7F968F2A89CF14000DD8C2 /* Chat.swift */,
				AA7F96912A89D165000DD8C2 /* ChatRoom.swift */,
			);
			path = Message;
			sourceTree = "<group>";
		};
		AA91E8A92A86AAE300C901EE = {
			isa = PBXGroup;
			children = (
				AA91E8B42A86AAE300C901EE /* InstagramClone */,
				AA91E8B32A86AAE300C901EE /* Products */,
				AA91E8CC2A86EC0100C901EE /* Frameworks */,
			);
			sourceTree = "<group>";
		};
		AA91E8B32A86AAE300C901EE /* Products */ = {
			isa = PBXGroup;
			children = (
				AA91E8B22A86AAE300C901EE /* InstagramClone.app */,
			);
			name = Products;
			sourceTree = "<group>";
		};
		AA91E8B42A86AAE300C901EE /* InstagramClone */ = {
			isa = PBXGroup;
			children = (
				AA3DE7FF2A8D618B00B070B5 /* Model */,
				AA325E502A8BE28400BDF1BC /* Service */,
				AA7F96812A898067000DD8C2 /* Element */,
				AA91E8CB2A86E93F00C901EE /* View */,
				AA91E8B52A86AAE300C901EE /* InstagramCloneApp.swift */,
				AA91E8B72A86AAE300C901EE /* ContentView.swift */,
				AA91E8B92A86AAE500C901EE /* Assets.xcassets */,
				AA91E8C32A86E15800C901EE /* GoogleService-Info.plist */,
				AA91E8BB2A86AAE500C901EE /* Preview Content */,
			);
			path = InstagramClone;
			sourceTree = "<group>";
		};
		AA91E8BB2A86AAE500C901EE /* Preview Content */ = {
			isa = PBXGroup;
			children = (
				AA91E8BC2A86AAE500C901EE /* Preview Assets.xcassets */,
			);
			path = "Preview Content";
			sourceTree = "<group>";
		};
		AA91E8CB2A86E93F00C901EE /* View */ = {
			isa = PBXGroup;
			children = (
				AA325E472A8AC1FB00BDF1BC /* AccountManager */,
				AA7F968E2A89CEDE000DD8C2 /* Message */,
				AA7F96892A89CA4D000DD8C2 /* Comments */,
				AA7F96862A89C86C000DD8C2 /* Post */,
				AA7F966F2A891BDD000DD8C2 /* HomeView.swift */,
				AA325E3F2A8A955200BDF1BC /* PostGrid.swift */,
				AA3DE8062A8D9C3000B070B5 /* Profile */,
			);
			path = View;
			sourceTree = "<group>";
		};
		AA91E8CC2A86EC0100C901EE /* Frameworks */ = {
			isa = PBXGroup;
			children = (
			);
			name = Frameworks;
			sourceTree = "<group>";
		};
/* End PBXGroup section */

/* Begin PBXNativeTarget section */
		AA91E8B12A86AAE300C901EE /* InstagramClone */ = {
			isa = PBXNativeTarget;
			buildConfigurationList = AA91E8C02A86AAE500C901EE /* Build configuration list for PBXNativeTarget "InstagramClone" */;
			buildPhases = (
				AA91E8AE2A86AAE300C901EE /* Sources */,
				AA91E8AF2A86AAE300C901EE /* Frameworks */,
				AA91E8B02A86AAE300C901EE /* Resources */,
			);
			buildRules = (
			);
			dependencies = (
			);
			name = InstagramClone;
			packageProductDependencies = (
				AA91E8C62A86E38D00C901EE /* FirebaseAnalytics */,
				AA91E8CD2A86EC0100C901EE /* FirebaseAuth */,
				AA325E432A8AAC3000BDF1BC /* FirebaseFirestore */,
				AA325E452A8AAC4500BDF1BC /* FirebaseStorage */,
				AA3DE8042A8D7ACB00B070B5 /* FirebaseFirestoreSwift */,
			);
			productName = InstagramClone;
			productReference = AA91E8B22A86AAE300C901EE /* InstagramClone.app */;
			productType = "com.apple.product-type.application";
		};
/* End PBXNativeTarget section */

/* Begin PBXProject section */
		AA91E8AA2A86AAE300C901EE /* Project object */ = {
			isa = PBXProject;
			attributes = {
				BuildIndependentTargetsInParallel = 1;
				LastSwiftUpdateCheck = 1430;
				LastUpgradeCheck = 1430;
				TargetAttributes = {
					AA91E8B12A86AAE300C901EE = {
						CreatedOnToolsVersion = 14.3.1;
					};
				};
			};
			buildConfigurationList = AA91E8AD2A86AAE300C901EE /* Build configuration list for PBXProject "InstagramClone" */;
			compatibilityVersion = "Xcode 14.0";
			developmentRegion = en;
			hasScannedForEncodings = 0;
			knownRegions = (
				en,
				Base,
			);
			mainGroup = AA91E8A92A86AAE300C901EE;
			packageReferences = (
				AA91E8C52A86E38C00C901EE /* XCRemoteSwiftPackageReference "firebase-ios-sdk" */,
			);
			productRefGroup = AA91E8B32A86AAE300C901EE /* Products */;
			projectDirPath = "";
			projectRoot = "";
			targets = (
				AA91E8B12A86AAE300C901EE /* InstagramClone */,
			);
		};
/* End PBXProject section */

/* Begin PBXResourcesBuildPhase section */
		AA91E8B02A86AAE300C901EE /* Resources */ = {
			isa = PBXResourcesBuildPhase;
			buildActionMask = 2147483647;
			files = (
				AA91E8BD2A86AAE500C901EE /* Preview Assets.xcassets in Resources */,
				AA91E8BA2A86AAE500C901EE /* Assets.xcassets in Resources */,
				AA91E8C42A86E15800C901EE /* GoogleService-Info.plist in Resources */,
			);
			runOnlyForDeploymentPostprocessing = 0;
		};
/* End PBXResourcesBuildPhase section */

/* Begin PBXSourcesBuildPhase section */
		AA91E8AE2A86AAE300C901EE /* Sources */ = {
			isa = PBXSourcesBuildPhase;
			buildActionMask = 2147483647;
			files = (
				AA325E542A8BECD200BDF1BC /* PhotoThumbnailView.swift in Sources */,
				AA7F96762A8926A6000DD8C2 /* PostView.swift in Sources */,
				AA3DE7FE2A8D5F2E00B070B5 /* InputField.swift in Sources */,
				AA7F96802A898028000DD8C2 /* ProfileView.swift in Sources */,
				AA7F967A2A8933E4000DD8C2 /* CommentsView.swift in Sources */,
				AAC11FCE2A87BD1D001669B4 /* SignUpView.swift in Sources */,
				AA325E522A8BE28D00BDF1BC /* PhotoLibraryService.swift in Sources */,
				AA3DE8032A8D75DC00B070B5 /* AuthService.swift in Sources */,
				AA7F968D2A89CB54000DD8C2 /* FormatedImage.swift in Sources */,
				AA91E8C92A86E7E400C901EE /* LoginView.swift in Sources */,
				AA7F968B2A89CA6C000DD8C2 /* SingleCommentView.swift in Sources */,
				AA7F96782A892AA4000DD8C2 /* MessageView.swift in Sources */,
				AA91E8B82A86AAE300C901EE /* ContentView.swift in Sources */,
				AA325E562A8C22F700BDF1BC /* NewPostDetail.swift in Sources */,
				AA325E402A8A955200BDF1BC /* PostGrid.swift in Sources */,
				AA7F96832A898097000DD8C2 /* ProfilePicture.swift in Sources */,
				AA7F96702A891BDD000DD8C2 /* HomeView.swift in Sources */,
				AA7F96922A89D165000DD8C2 /* ChatRoom.swift in Sources */,
				AA7F96852A89B64B000DD8C2 /* CashedAsyncImage.swift in Sources */,
				AA7F96902A89CF14000DD8C2 /* Chat.swift in Sources */,
				AA325E4B2A8ADDB200BDF1BC /* NewPostView.swift in Sources */,
				AA3DE8012A8D619400B070B5 /* User.swift in Sources */,
				AA91E8B62A86AAE300C901EE /* InstagramCloneApp.swift in Sources */,
				AA3DE80A2A8D9F8100B070B5 /* PostService.swift in Sources */,
				AA3DE80C2A8DA9C800B070B5 /* Post.swift in Sources */,
				AA325E3E2A8A82A700BDF1BC /* PageView.swift in Sources */,
				AA7F96882A89C883000DD8C2 /* PostVM.swift in Sources */,
			);
			runOnlyForDeploymentPostprocessing = 0;
		};
/* End PBXSourcesBuildPhase section */

/* Begin XCBuildConfiguration section */
		AA325E412A8AA9E700BDF1BC /* Emulators */ = {
			isa = XCBuildConfiguration;
			buildSettings = {
				ALWAYS_SEARCH_USER_PATHS = NO;
				CLANG_ANALYZER_NONNULL = YES;
				CLANG_ANALYZER_NUMBER_OBJECT_CONVERSION = YES_AGGRESSIVE;
				CLANG_CXX_LANGUAGE_STANDARD = "gnu++20";
				CLANG_ENABLE_MODULES = YES;
				CLANG_ENABLE_OBJC_ARC = YES;
				CLANG_ENABLE_OBJC_WEAK = YES;
				CLANG_WARN_BLOCK_CAPTURE_AUTORELEASING = YES;
				CLANG_WARN_BOOL_CONVERSION = YES;
				CLANG_WARN_COMMA = YES;
				CLANG_WARN_CONSTANT_CONVERSION = YES;
				CLANG_WARN_DEPRECATED_OBJC_IMPLEMENTATIONS = YES;
				CLANG_WARN_DIRECT_OBJC_ISA_USAGE = YES_ERROR;
				CLANG_WARN_DOCUMENTATION_COMMENTS = YES;
				CLANG_WARN_EMPTY_BODY = YES;
				CLANG_WARN_ENUM_CONVERSION = YES;
				CLANG_WARN_INFINITE_RECURSION = YES;
				CLANG_WARN_INT_CONVERSION = YES;
				CLANG_WARN_NON_LITERAL_NULL_CONVERSION = YES;
				CLANG_WARN_OBJC_IMPLICIT_RETAIN_SELF = YES;
				CLANG_WARN_OBJC_LITERAL_CONVERSION = YES;
				CLANG_WARN_OBJC_ROOT_CLASS = YES_ERROR;
				CLANG_WARN_QUOTED_INCLUDE_IN_FRAMEWORK_HEADER = YES;
				CLANG_WARN_RANGE_LOOP_ANALYSIS = YES;
				CLANG_WARN_STRICT_PROTOTYPES = YES;
				CLANG_WARN_SUSPICIOUS_MOVE = YES;
				CLANG_WARN_UNGUARDED_AVAILABILITY = YES_AGGRESSIVE;
				CLANG_WARN_UNREACHABLE_CODE = YES;
				CLANG_WARN__DUPLICATE_METHOD_MATCH = YES;
				COPY_PHASE_STRIP = NO;
				DEBUG_INFORMATION_FORMAT = dwarf;
				ENABLE_STRICT_OBJC_MSGSEND = YES;
				ENABLE_TESTABILITY = YES;
				GCC_C_LANGUAGE_STANDARD = gnu11;
				GCC_DYNAMIC_NO_PIC = NO;
				GCC_NO_COMMON_BLOCKS = YES;
				GCC_OPTIMIZATION_LEVEL = 0;
				GCC_PREPROCESSOR_DEFINITIONS = (
					"DEBUG=1",
					"$(inherited)",
				);
				GCC_WARN_64_TO_32_BIT_CONVERSION = YES;
				GCC_WARN_ABOUT_RETURN_TYPE = YES_ERROR;
				GCC_WARN_UNDECLARED_SELECTOR = YES;
				GCC_WARN_UNINITIALIZED_AUTOS = YES_AGGRESSIVE;
				GCC_WARN_UNUSED_FUNCTION = YES;
				GCC_WARN_UNUSED_VARIABLE = YES;
				IPHONEOS_DEPLOYMENT_TARGET = 16.4;
				MTL_ENABLE_DEBUG_INFO = INCLUDE_SOURCE;
				MTL_FAST_MATH = YES;
				ONLY_ACTIVE_ARCH = YES;
				OTHER_SWIFT_FLAGS = "-D EMULATORS";
				SDKROOT = iphoneos;
				SWIFT_ACTIVE_COMPILATION_CONDITIONS = DEBUG;
				SWIFT_OPTIMIZATION_LEVEL = "-Onone";
			};
			name = Emulators;
		};
		AA325E422A8AA9E700BDF1BC /* Emulators */ = {
			isa = XCBuildConfiguration;
			buildSettings = {
				ASSETCATALOG_COMPILER_APPICON_NAME = AppIcon;
				ASSETCATALOG_COMPILER_GLOBAL_ACCENT_COLOR_NAME = AccentColor;
				CODE_SIGN_STYLE = Automatic;
				CURRENT_PROJECT_VERSION = 1;
				DEVELOPMENT_ASSET_PATHS = "\"InstagramClone/Preview Content\"";
				DEVELOPMENT_TEAM = 447H88N27M;
				ENABLE_PREVIEWS = YES;
				GENERATE_INFOPLIST_FILE = YES;
				INFOPLIST_KEY_NSPhotoLibraryUsageDescription = "accesst photo";
				INFOPLIST_KEY_UIApplicationSceneManifest_Generation = YES;
				INFOPLIST_KEY_UIApplicationSupportsIndirectInputEvents = YES;
				INFOPLIST_KEY_UILaunchScreen_Generation = YES;
				INFOPLIST_KEY_UISupportedInterfaceOrientations_iPad = "UIInterfaceOrientationPortrait UIInterfaceOrientationPortraitUpsideDown UIInterfaceOrientationLandscapeLeft UIInterfaceOrientationLandscapeRight";
				INFOPLIST_KEY_UISupportedInterfaceOrientations_iPhone = "UIInterfaceOrientationPortrait UIInterfaceOrientationLandscapeLeft UIInterfaceOrientationLandscapeRight";
				LD_RUNPATH_SEARCH_PATHS = (
					"$(inherited)",
					"@executable_path/Frameworks",
				);
				MARKETING_VERSION = 1.0;
				PRODUCT_BUNDLE_IDENTIFIER = elvis.InstagramClone;
				PRODUCT_NAME = "$(TARGET_NAME)";
				SWIFT_EMIT_LOC_STRINGS = YES;
				SWIFT_VERSION = 5.0;
				TARGETED_DEVICE_FAMILY = "1,2";
			};
			name = Emulators;
		};
		AA91E8BE2A86AAE500C901EE /* Debug */ = {
			isa = XCBuildConfiguration;
			buildSettings = {
				ALWAYS_SEARCH_USER_PATHS = NO;
				CLANG_ANALYZER_NONNULL = YES;
				CLANG_ANALYZER_NUMBER_OBJECT_CONVERSION = YES_AGGRESSIVE;
				CLANG_CXX_LANGUAGE_STANDARD = "gnu++20";
				CLANG_ENABLE_MODULES = YES;
				CLANG_ENABLE_OBJC_ARC = YES;
				CLANG_ENABLE_OBJC_WEAK = YES;
				CLANG_WARN_BLOCK_CAPTURE_AUTORELEASING = YES;
				CLANG_WARN_BOOL_CONVERSION = YES;
				CLANG_WARN_COMMA = YES;
				CLANG_WARN_CONSTANT_CONVERSION = YES;
				CLANG_WARN_DEPRECATED_OBJC_IMPLEMENTATIONS = YES;
				CLANG_WARN_DIRECT_OBJC_ISA_USAGE = YES_ERROR;
				CLANG_WARN_DOCUMENTATION_COMMENTS = YES;
				CLANG_WARN_EMPTY_BODY = YES;
				CLANG_WARN_ENUM_CONVERSION = YES;
				CLANG_WARN_INFINITE_RECURSION = YES;
				CLANG_WARN_INT_CONVERSION = YES;
				CLANG_WARN_NON_LITERAL_NULL_CONVERSION = YES;
				CLANG_WARN_OBJC_IMPLICIT_RETAIN_SELF = YES;
				CLANG_WARN_OBJC_LITERAL_CONVERSION = YES;
				CLANG_WARN_OBJC_ROOT_CLASS = YES_ERROR;
				CLANG_WARN_QUOTED_INCLUDE_IN_FRAMEWORK_HEADER = YES;
				CLANG_WARN_RANGE_LOOP_ANALYSIS = YES;
				CLANG_WARN_STRICT_PROTOTYPES = YES;
				CLANG_WARN_SUSPICIOUS_MOVE = YES;
				CLANG_WARN_UNGUARDED_AVAILABILITY = YES_AGGRESSIVE;
				CLANG_WARN_UNREACHABLE_CODE = YES;
				CLANG_WARN__DUPLICATE_METHOD_MATCH = YES;
				COPY_PHASE_STRIP = NO;
				DEBUG_INFORMATION_FORMAT = dwarf;
				ENABLE_STRICT_OBJC_MSGSEND = YES;
				ENABLE_TESTABILITY = YES;
				GCC_C_LANGUAGE_STANDARD = gnu11;
				GCC_DYNAMIC_NO_PIC = NO;
				GCC_NO_COMMON_BLOCKS = YES;
				GCC_OPTIMIZATION_LEVEL = 0;
				GCC_PREPROCESSOR_DEFINITIONS = (
					"DEBUG=1",
					"$(inherited)",
				);
				GCC_WARN_64_TO_32_BIT_CONVERSION = YES;
				GCC_WARN_ABOUT_RETURN_TYPE = YES_ERROR;
				GCC_WARN_UNDECLARED_SELECTOR = YES;
				GCC_WARN_UNINITIALIZED_AUTOS = YES_AGGRESSIVE;
				GCC_WARN_UNUSED_FUNCTION = YES;
				GCC_WARN_UNUSED_VARIABLE = YES;
				IPHONEOS_DEPLOYMENT_TARGET = 16.4;
				MTL_ENABLE_DEBUG_INFO = INCLUDE_SOURCE;
				MTL_FAST_MATH = YES;
				ONLY_ACTIVE_ARCH = YES;
				SDKROOT = iphoneos;
				SWIFT_ACTIVE_COMPILATION_CONDITIONS = DEBUG;
				SWIFT_OPTIMIZATION_LEVEL = "-Onone";
			};
			name = Debug;
		};
		AA91E8BF2A86AAE500C901EE /* Release */ = {
			isa = XCBuildConfiguration;
			buildSettings = {
				ALWAYS_SEARCH_USER_PATHS = NO;
				CLANG_ANALYZER_NONNULL = YES;
				CLANG_ANALYZER_NUMBER_OBJECT_CONVERSION = YES_AGGRESSIVE;
				CLANG_CXX_LANGUAGE_STANDARD = "gnu++20";
				CLANG_ENABLE_MODULES = YES;
				CLANG_ENABLE_OBJC_ARC = YES;
				CLANG_ENABLE_OBJC_WEAK = YES;
				CLANG_WARN_BLOCK_CAPTURE_AUTORELEASING = YES;
				CLANG_WARN_BOOL_CONVERSION = YES;
				CLANG_WARN_COMMA = YES;
				CLANG_WARN_CONSTANT_CONVERSION = YES;
				CLANG_WARN_DEPRECATED_OBJC_IMPLEMENTATIONS = YES;
				CLANG_WARN_DIRECT_OBJC_ISA_USAGE = YES_ERROR;
				CLANG_WARN_DOCUMENTATION_COMMENTS = YES;
				CLANG_WARN_EMPTY_BODY = YES;
				CLANG_WARN_ENUM_CONVERSION = YES;
				CLANG_WARN_INFINITE_RECURSION = YES;
				CLANG_WARN_INT_CONVERSION = YES;
				CLANG_WARN_NON_LITERAL_NULL_CONVERSION = YES;
				CLANG_WARN_OBJC_IMPLICIT_RETAIN_SELF = YES;
				CLANG_WARN_OBJC_LITERAL_CONVERSION = YES;
				CLANG_WARN_OBJC_ROOT_CLASS = YES_ERROR;
				CLANG_WARN_QUOTED_INCLUDE_IN_FRAMEWORK_HEADER = YES;
				CLANG_WARN_RANGE_LOOP_ANALYSIS = YES;
				CLANG_WARN_STRICT_PROTOTYPES = YES;
				CLANG_WARN_SUSPICIOUS_MOVE = YES;
				CLANG_WARN_UNGUARDED_AVAILABILITY = YES_AGGRESSIVE;
				CLANG_WARN_UNREACHABLE_CODE = YES;
				CLANG_WARN__DUPLICATE_METHOD_MATCH = YES;
				COPY_PHASE_STRIP = NO;
				DEBUG_INFORMATION_FORMAT = "dwarf-with-dsym";
				ENABLE_NS_ASSERTIONS = NO;
				ENABLE_STRICT_OBJC_MSGSEND = YES;
				GCC_C_LANGUAGE_STANDARD = gnu11;
				GCC_NO_COMMON_BLOCKS = YES;
				GCC_WARN_64_TO_32_BIT_CONVERSION = YES;
				GCC_WARN_ABOUT_RETURN_TYPE = YES_ERROR;
				GCC_WARN_UNDECLARED_SELECTOR = YES;
				GCC_WARN_UNINITIALIZED_AUTOS = YES_AGGRESSIVE;
				GCC_WARN_UNUSED_FUNCTION = YES;
				GCC_WARN_UNUSED_VARIABLE = YES;
				IPHONEOS_DEPLOYMENT_TARGET = 16.4;
				MTL_ENABLE_DEBUG_INFO = NO;
				MTL_FAST_MATH = YES;
				SDKROOT = iphoneos;
				SWIFT_COMPILATION_MODE = wholemodule;
				SWIFT_OPTIMIZATION_LEVEL = "-O";
				VALIDATE_PRODUCT = YES;
			};
			name = Release;
		};
		AA91E8C12A86AAE500C901EE /* Debug */ = {
			isa = XCBuildConfiguration;
			buildSettings = {
				ASSETCATALOG_COMPILER_APPICON_NAME = AppIcon;
				ASSETCATALOG_COMPILER_GLOBAL_ACCENT_COLOR_NAME = AccentColor;
				CODE_SIGN_STYLE = Automatic;
				CURRENT_PROJECT_VERSION = 1;
				DEVELOPMENT_ASSET_PATHS = "\"InstagramClone/Preview Content\"";
				DEVELOPMENT_TEAM = 447H88N27M;
				ENABLE_PREVIEWS = YES;
				GENERATE_INFOPLIST_FILE = YES;
				INFOPLIST_KEY_NSPhotoLibraryUsageDescription = "accesst photo";
				INFOPLIST_KEY_UIApplicationSceneManifest_Generation = YES;
				INFOPLIST_KEY_UIApplicationSupportsIndirectInputEvents = YES;
				INFOPLIST_KEY_UILaunchScreen_Generation = YES;
				INFOPLIST_KEY_UISupportedInterfaceOrientations_iPad = "UIInterfaceOrientationPortrait UIInterfaceOrientationPortraitUpsideDown UIInterfaceOrientationLandscapeLeft UIInterfaceOrientationLandscapeRight";
				INFOPLIST_KEY_UISupportedInterfaceOrientations_iPhone = "UIInterfaceOrientationPortrait UIInterfaceOrientationLandscapeLeft UIInterfaceOrientationLandscapeRight";
				LD_RUNPATH_SEARCH_PATHS = (
					"$(inherited)",
					"@executable_path/Frameworks",
				);
				MARKETING_VERSION = 1.0;
				PRODUCT_BUNDLE_IDENTIFIER = elvis.InstagramClone;
				PRODUCT_NAME = "$(TARGET_NAME)";
				SWIFT_EMIT_LOC_STRINGS = YES;
				SWIFT_VERSION = 5.0;
				TARGETED_DEVICE_FAMILY = "1,2";
			};
			name = Debug;
		};
		AA91E8C22A86AAE500C901EE /* Release */ = {
			isa = XCBuildConfiguration;
			buildSettings = {
				ASSETCATALOG_COMPILER_APPICON_NAME = AppIcon;
				ASSETCATALOG_COMPILER_GLOBAL_ACCENT_COLOR_NAME = AccentColor;
				CODE_SIGN_STYLE = Automatic;
				CURRENT_PROJECT_VERSION = 1;
				DEVELOPMENT_ASSET_PATHS = "\"InstagramClone/Preview Content\"";
				DEVELOPMENT_TEAM = 447H88N27M;
				ENABLE_PREVIEWS = YES;
				GENERATE_INFOPLIST_FILE = YES;
				INFOPLIST_KEY_NSPhotoLibraryUsageDescription = "accesst photo";
				INFOPLIST_KEY_UIApplicationSceneManifest_Generation = YES;
				INFOPLIST_KEY_UIApplicationSupportsIndirectInputEvents = YES;
				INFOPLIST_KEY_UILaunchScreen_Generation = YES;
				INFOPLIST_KEY_UISupportedInterfaceOrientations_iPad = "UIInterfaceOrientationPortrait UIInterfaceOrientationPortraitUpsideDown UIInterfaceOrientationLandscapeLeft UIInterfaceOrientationLandscapeRight";
				INFOPLIST_KEY_UISupportedInterfaceOrientations_iPhone = "UIInterfaceOrientationPortrait UIInterfaceOrientationLandscapeLeft UIInterfaceOrientationLandscapeRight";
				LD_RUNPATH_SEARCH_PATHS = (
					"$(inherited)",
					"@executable_path/Frameworks",
				);
				MARKETING_VERSION = 1.0;
				PRODUCT_BUNDLE_IDENTIFIER = elvis.InstagramClone;
				PRODUCT_NAME = "$(TARGET_NAME)";
				SWIFT_EMIT_LOC_STRINGS = YES;
				SWIFT_VERSION = 5.0;
				TARGETED_DEVICE_FAMILY = "1,2";
			};
			name = Release;
		};
/* End XCBuildConfiguration section */

/* Begin XCConfigurationList section */
		AA91E8AD2A86AAE300C901EE /* Build configuration list for PBXProject "InstagramClone" */ = {
			isa = XCConfigurationList;
			buildConfigurations = (
				AA91E8BE2A86AAE500C901EE /* Debug */,
				AA325E412A8AA9E700BDF1BC /* Emulators */,
				AA91E8BF2A86AAE500C901EE /* Release */,
			);
			defaultConfigurationIsVisible = 0;
			defaultConfigurationName = Release;
		};
		AA91E8C02A86AAE500C901EE /* Build configuration list for PBXNativeTarget "InstagramClone" */ = {
			isa = XCConfigurationList;
			buildConfigurations = (
				AA91E8C12A86AAE500C901EE /* Debug */,
				AA325E422A8AA9E700BDF1BC /* Emulators */,
				AA91E8C22A86AAE500C901EE /* Release */,
			);
			defaultConfigurationIsVisible = 0;
			defaultConfigurationName = Release;
		};
/* End XCConfigurationList section */

/* Begin XCRemoteSwiftPackageReference section */
		AA91E8C52A86E38C00C901EE /* XCRemoteSwiftPackageReference "firebase-ios-sdk" */ = {
			isa = XCRemoteSwiftPackageReference;
			repositoryURL = "https://github.com/firebase/firebase-ios-sdk";
			requirement = {
				kind = upToNextMinorVersion;
				minimumVersion = 10.13.0;
			};
		};
/* End XCRemoteSwiftPackageReference section */

/* Begin XCSwiftPackageProductDependency section */
		AA325E432A8AAC3000BDF1BC /* FirebaseFirestore */ = {
			isa = XCSwiftPackageProductDependency;
			package = AA91E8C52A86E38C00C901EE /* XCRemoteSwiftPackageReference "firebase-ios-sdk" */;
			productName = FirebaseFirestore;
		};
		AA325E452A8AAC4500BDF1BC /* FirebaseStorage */ = {
			isa = XCSwiftPackageProductDependency;
			package = AA91E8C52A86E38C00C901EE /* XCRemoteSwiftPackageReference "firebase-ios-sdk" */;
			productName = FirebaseStorage;
		};
		AA3DE8042A8D7ACB00B070B5 /* FirebaseFirestoreSwift */ = {
			isa = XCSwiftPackageProductDependency;
			package = AA91E8C52A86E38C00C901EE /* XCRemoteSwiftPackageReference "firebase-ios-sdk" */;
			productName = FirebaseFirestoreSwift;
		};
		AA91E8C62A86E38D00C901EE /* FirebaseAnalytics */ = {
			isa = XCSwiftPackageProductDependency;
			package = AA91E8C52A86E38C00C901EE /* XCRemoteSwiftPackageReference "firebase-ios-sdk" */;
			productName = FirebaseAnalytics;
		};
		AA91E8CD2A86EC0100C901EE /* FirebaseAuth */ = {
			isa = XCSwiftPackageProductDependency;
			package = AA91E8C52A86E38C00C901EE /* XCRemoteSwiftPackageReference "firebase-ios-sdk" */;
			productName = FirebaseAuth;
		};
/* End XCSwiftPackageProductDependency section */
	};
	rootObject = AA91E8AA2A86AAE300C901EE /* Project object */;
}
